
Microsoft Visual Studio Solution File, Format Version 12.00
# Visual Studio Version 17
VisualStudioVersion = 17.9.34902.65
MinimumVisualStudioVersion = 10.0.40219.1
Project("{9A19103F-16F7-4668-BE54-9A1E7A4F7556}") = "ListGenius.Api", "ListGenius.Api\ListGenius.Api.csproj", "{18E9B64C-AB43-4BF5-B57F-659703340555}"
EndProject
Project("{2150E333-8FDC-42A3-9474-1A3956D46DE8}") = "Solution Items", "Solution Items", "{4BDE61E0-2DD6-4A04-BE2C-7C4244480C88}"
	ProjectSection(SolutionItems) = preProject
		.editorconfig = .editorconfig
	EndProjectSection
EndProject
Global
	GlobalSection(SolutionConfigurationPlatforms) = preSolution
		Debug|Any CPU = Debug|Any CPU
		Release|Any CPU = Release|Any CPU
	EndGlobalSection
	GlobalSection(ProjectConfigurationPlatforms) = postSolution
		{18E9B64C-AB43-4BF5-B57F-659703340555}.Debug|Any CPU.ActiveCfg = Debug|Any CPU
		{18E9B64C-AB43-4BF5-B57F-659703340555}.Debug|Any CPU.Build.0 = Debug|Any CPU
		{18E9B64C-AB43-4BF5-B57F-659703340555}.Release|Any CPU.ActiveCfg = Release|Any CPU
		{18E9B64C-AB43-4BF5-B57F-659703340555}.Release|Any CPU.Build.0 = Release|Any CPU
	EndGlobalSection
	GlobalSection(SolutionProperties) = preSolution
		HideSolutionNode = FALSE
	EndGlobalSection
	GlobalSection(ExtensibilityGlobals) = postSolution
		SolutionGuid = {16305594-6682-4C19-979D-30C8800EE6A2}
	EndGlobalSection
EndGlobal
