
Microsoft Visual Studio Solution File, Format Version 12.00
# Visual Studio Version 17
VisualStudioVersion = 17.9.34728.123
MinimumVisualStudioVersion = 10.0.40219.1
Project("{2150E333-8FDC-42A3-9474-1A3956D46DE8}") = "Solution Items", "Solution Items", "{CB5D7AC8-3DE0-4F9D-9AAB-FC9904BFA136}"
	ProjectSection(SolutionItems) = preProject
		.editorconfig = .editorconfig
	EndProjectSection
EndProject
Project("{9A19103F-16F7-4668-BE54-9A1E7A4F7556}") = "JoaoDiasDev.ListGenius", "backend\JoaoDiasDev.ListGenius\JoaoDiasDev.ListGenius.csproj", "{EC9C74D2-2960-452D-BFEF-5BD799848FD1}"
EndProject
Project("{FAE04EC0-301F-11D3-BF4B-00C04F79EFBC}") = "JoaoDiasDev.ListGenius.UI", "JoaoDiasDev.ListGenius.UI\JoaoDiasDev.ListGenius.UI\JoaoDiasDev.ListGenius.UI.csproj", "{2E9C7DFA-B9E9-46B6-88AF-08A75B07EBAC}"
EndProject
Project("{FAE04EC0-301F-11D3-BF4B-00C04F79EFBC}") = "JoaoDiasDev.ListGenius.UI.Client", "JoaoDiasDev.ListGenius.UI\JoaoDiasDev.ListGenius.UI.Client\JoaoDiasDev.ListGenius.UI.Client.csproj", "{39E16F82-514C-405E-B589-985ADA384AF0}"
EndProject
Global
	GlobalSection(SolutionConfigurationPlatforms) = preSolution
		Debug|Any CPU = Debug|Any CPU
		Release|Any CPU = Release|Any CPU
	EndGlobalSection
	GlobalSection(ProjectConfigurationPlatforms) = postSolution
		{EC9C74D2-2960-452D-BFEF-5BD799848FD1}.Debug|Any CPU.ActiveCfg = Debug|Any CPU
		{EC9C74D2-2960-452D-BFEF-5BD799848FD1}.Debug|Any CPU.Build.0 = Debug|Any CPU
		{EC9C74D2-2960-452D-BFEF-5BD799848FD1}.Release|Any CPU.ActiveCfg = Release|Any CPU
		{EC9C74D2-2960-452D-BFEF-5BD799848FD1}.Release|Any CPU.Build.0 = Release|Any CPU
		{2E9C7DFA-B9E9-46B6-88AF-08A75B07EBAC}.Debug|Any CPU.ActiveCfg = Debug|Any CPU
		{2E9C7DFA-B9E9-46B6-88AF-08A75B07EBAC}.Debug|Any CPU.Build.0 = Debug|Any CPU
		{2E9C7DFA-B9E9-46B6-88AF-08A75B07EBAC}.Release|Any CPU.ActiveCfg = Release|Any CPU
		{2E9C7DFA-B9E9-46B6-88AF-08A75B07EBAC}.Release|Any CPU.Build.0 = Release|Any CPU
		{39E16F82-514C-405E-B589-985ADA384AF0}.Debug|Any CPU.ActiveCfg = Debug|Any CPU
		{39E16F82-514C-405E-B589-985ADA384AF0}.Debug|Any CPU.Build.0 = Debug|Any CPU
		{39E16F82-514C-405E-B589-985ADA384AF0}.Release|Any CPU.ActiveCfg = Release|Any CPU
		{39E16F82-514C-405E-B589-985ADA384AF0}.Release|Any CPU.Build.0 = Release|Any CPU
	EndGlobalSection
	GlobalSection(SolutionProperties) = preSolution
		HideSolutionNode = FALSE
	EndGlobalSection
	GlobalSection(ExtensibilityGlobals) = postSolution
		SolutionGuid = {AAA4FEF6-71A7-4829-8767-75DF14ABD15C}
	EndGlobalSection
EndGlobal
