
Microsoft Visual Studio Solution File, Format Version 12.00
# Visual Studio Version 17
VisualStudioVersion = 17.9.34728.123
MinimumVisualStudioVersion = 10.0.40219.1
Project("{2150E333-8FDC-42A3-9474-1A3956D46DE8}") = "Solution Items", "Solution Items", "{CB5D7AC8-3DE0-4F9D-9AAB-FC9904BFA136}"
	ProjectSection(SolutionItems) = preProject
		.editorconfig = .editorconfig
	EndProjectSection
EndProject
Project("{9A19103F-16F7-4668-BE54-9A1E7A4F7556}") = "JoaoDiasDev.ListGenius", "backend\JoaoDiasDev.ListGenius.csproj", "{95499630-3C02-44BA-BBB8-296ABE0D5148}"
EndProject
Project("{E53339B2-1760-4266-BCC7-CA923CBCF16C}") = "docker-compose", "docker-compose.dcproj", "{22ED9909-2F6C-4D37-8E72-3496AD7C6A23}"
EndProject
Global
	GlobalSection(SolutionConfigurationPlatforms) = preSolution
		Debug|Any CPU = Debug|Any CPU
		Release|Any CPU = Release|Any CPU
	EndGlobalSection
	GlobalSection(ProjectConfigurationPlatforms) = postSolution
		{95499630-3C02-44BA-BBB8-296ABE0D5148}.Debug|Any CPU.ActiveCfg = Debug|Any CPU
		{95499630-3C02-44BA-BBB8-296ABE0D5148}.Debug|Any CPU.Build.0 = Debug|Any CPU
		{95499630-3C02-44BA-BBB8-296ABE0D5148}.Release|Any CPU.ActiveCfg = Release|Any CPU
		{95499630-3C02-44BA-BBB8-296ABE0D5148}.Release|Any CPU.Build.0 = Release|Any CPU
		{22ED9909-2F6C-4D37-8E72-3496AD7C6A23}.Debug|Any CPU.ActiveCfg = Debug|Any CPU
		{22ED9909-2F6C-4D37-8E72-3496AD7C6A23}.Debug|Any CPU.Build.0 = Debug|Any CPU
		{22ED9909-2F6C-4D37-8E72-3496AD7C6A23}.Release|Any CPU.ActiveCfg = Release|Any CPU
		{22ED9909-2F6C-4D37-8E72-3496AD7C6A23}.Release|Any CPU.Build.0 = Release|Any CPU
	EndGlobalSection
	GlobalSection(SolutionProperties) = preSolution
		HideSolutionNode = FALSE
	EndGlobalSection
	GlobalSection(ExtensibilityGlobals) = postSolution
		SolutionGuid = {AAA4FEF6-71A7-4829-8767-75DF14ABD15C}
	EndGlobalSection
EndGlobal
