
Microsoft Visual Studio Solution File, Format Version 12.00
# Visual Studio Version 17
VisualStudioVersion = 17.10.34928.147
MinimumVisualStudioVersion = 10.0.40219.1
Project("{FAE04EC0-301F-11D3-BF4B-00C04F79EFBC}") = "ListGenius.Api", "ListGenius.API\ListGenius.Api.csproj", "{47696CB8-4069-4269-8936-B7C4847ACC6D}"
EndProject
Project("{FAE04EC0-301F-11D3-BF4B-00C04F79EFBC}") = "ListGenius.Web", "ListGenius.Web\ListGenius.Web.csproj", "{9E5F7FF0-5C7C-4404-A170-76333522FDEE}"
EndProject
Project("{FAE04EC0-301F-11D3-BF4B-00C04F79EFBC}") = "ListGenius.Shared", "Shared\ListGenius.Shared.csproj", "{69B27909-35C8-4ADC-B5A9-B84E70AEF5FC}"
EndProject
Global
	GlobalSection(SolutionConfigurationPlatforms) = preSolution
		Debug|Any CPU = Debug|Any CPU
		Release|Any CPU = Release|Any CPU
	EndGlobalSection
	GlobalSection(ProjectConfigurationPlatforms) = postSolution
		{47696CB8-4069-4269-8936-B7C4847ACC6D}.Debug|Any CPU.ActiveCfg = Debug|Any CPU
		{47696CB8-4069-4269-8936-B7C4847ACC6D}.Debug|Any CPU.Build.0 = Debug|Any CPU
		{47696CB8-4069-4269-8936-B7C4847ACC6D}.Release|Any CPU.ActiveCfg = Release|Any CPU
		{47696CB8-4069-4269-8936-B7C4847ACC6D}.Release|Any CPU.Build.0 = Release|Any CPU
		{9E5F7FF0-5C7C-4404-A170-76333522FDEE}.Debug|Any CPU.ActiveCfg = Debug|Any CPU
		{9E5F7FF0-5C7C-4404-A170-76333522FDEE}.Debug|Any CPU.Build.0 = Debug|Any CPU
		{9E5F7FF0-5C7C-4404-A170-76333522FDEE}.Release|Any CPU.ActiveCfg = Release|Any CPU
		{9E5F7FF0-5C7C-4404-A170-76333522FDEE}.Release|Any CPU.Build.0 = Release|Any CPU
		{69B27909-35C8-4ADC-B5A9-B84E70AEF5FC}.Debug|Any CPU.ActiveCfg = Debug|Any CPU
		{69B27909-35C8-4ADC-B5A9-B84E70AEF5FC}.Debug|Any CPU.Build.0 = Debug|Any CPU
		{69B27909-35C8-4ADC-B5A9-B84E70AEF5FC}.Release|Any CPU.ActiveCfg = Release|Any CPU
		{69B27909-35C8-4ADC-B5A9-B84E70AEF5FC}.Release|Any CPU.Build.0 = Release|Any CPU
	EndGlobalSection
	GlobalSection(SolutionProperties) = preSolution
		HideSolutionNode = FALSE
	EndGlobalSection
	GlobalSection(ExtensibilityGlobals) = postSolution
		SolutionGuid = {24C26C91-68E4-4900-B087-9091401BADC5}
	EndGlobalSection
EndGlobal
